// !$*UTF8*$!
{
	archiveVersion = 1;
	classes = {
	};
	objectVersion = 56;
	objects = {

/* Begin PBXBuildFile section */
		CE64CA8C2BFBAE4500816A3C /* HomeView.swift in Sources */ = {isa = PBXBuildFile; fileRef = CE64CA8B2BFBAE4500816A3C /* HomeView.swift */; };
		CE64CA902BFBB01600816A3C /* CircleButtonView.swift in Sources */ = {isa = PBXBuildFile; fileRef = CE64CA8F2BFBB01600816A3C /* CircleButtonView.swift */; };
		CE64CA922BFBB61C00816A3C /* CircleButtonAnimationView.swift in Sources */ = {isa = PBXBuildFile; fileRef = CE64CA912BFBB61C00816A3C /* CircleButtonAnimationView.swift */; };
		CE64CA952BFBCEF700816A3C /* CoinModel.swift in Sources */ = {isa = PBXBuildFile; fileRef = CE64CA942BFBCEF700816A3C /* CoinModel.swift */; };
		CED8B0D12BFB609700593FF3 /* CryptoTrackerApp.swift in Sources */ = {isa = PBXBuildFile; fileRef = CED8B0D02BFB609700593FF3 /* CryptoTrackerApp.swift */; };
		CED8B0D32BFB609700593FF3 /* ContentView.swift in Sources */ = {isa = PBXBuildFile; fileRef = CED8B0D22BFB609700593FF3 /* ContentView.swift */; };
		CED8B0D82BFB609800593FF3 /* Preview Assets.xcassets in Resources */ = {isa = PBXBuildFile; fileRef = CED8B0D72BFB609800593FF3 /* Preview Assets.xcassets */; };
		CED8B0DF2BFB620200593FF3 /* Assets.xcassets in Resources */ = {isa = PBXBuildFile; fileRef = CED8B0DE2BFB620200593FF3 /* Assets.xcassets */; };
		CED8B0E22BFB636600593FF3 /* Color.swift in Sources */ = {isa = PBXBuildFile; fileRef = CED8B0E12BFB636600593FF3 /* Color.swift */; };
/* End PBXBuildFile section */

/* Begin PBXFileReference section */
		CE64CA8B2BFBAE4500816A3C /* HomeView.swift */ = {isa = PBXFileReference; lastKnownFileType = sourcecode.swift; path = HomeView.swift; sourceTree = "<group>"; };
		CE64CA8F2BFBB01600816A3C /* CircleButtonView.swift */ = {isa = PBXFileReference; lastKnownFileType = sourcecode.swift; path = CircleButtonView.swift; sourceTree = "<group>"; };
		CE64CA912BFBB61C00816A3C /* CircleButtonAnimationView.swift */ = {isa = PBXFileReference; lastKnownFileType = sourcecode.swift; path = CircleButtonAnimationView.swift; sourceTree = "<group>"; };
		CE64CA942BFBCEF700816A3C /* CoinModel.swift */ = {isa = PBXFileReference; lastKnownFileType = sourcecode.swift; path = CoinModel.swift; sourceTree = "<group>"; };
		CED8B0CD2BFB609700593FF3 /* CryptoTracker.app */ = {isa = PBXFileReference; explicitFileType = wrapper.application; includeInIndex = 0; path = CryptoTracker.app; sourceTree = BUILT_PRODUCTS_DIR; };
		CED8B0D02BFB609700593FF3 /* CryptoTrackerApp.swift */ = {isa = PBXFileReference; lastKnownFileType = sourcecode.swift; path = CryptoTrackerApp.swift; sourceTree = "<group>"; };
		CED8B0D22BFB609700593FF3 /* ContentView.swift */ = {isa = PBXFileReference; lastKnownFileType = sourcecode.swift; path = ContentView.swift; sourceTree = "<group>"; };
		CED8B0D72BFB609800593FF3 /* Preview Assets.xcassets */ = {isa = PBXFileReference; lastKnownFileType = folder.assetcatalog; path = "Preview Assets.xcassets"; sourceTree = "<group>"; };
		CED8B0DE2BFB620200593FF3 /* Assets.xcassets */ = {isa = PBXFileReference; lastKnownFileType = folder.assetcatalog; name = Assets.xcassets; path = ../../../Resources/Assets.xcassets; sourceTree = "<group>"; };
		CED8B0E12BFB636600593FF3 /* Color.swift */ = {isa = PBXFileReference; lastKnownFileType = sourcecode.swift; path = Color.swift; sourceTree = "<group>"; };
/* End PBXFileReference section */

/* Begin PBXFrameworksBuildPhase section */
		CED8B0CA2BFB609700593FF3 /* Frameworks */ = {
			isa = PBXFrameworksBuildPhase;
			buildActionMask = 2147483647;
			files = (
			);
			runOnlyForDeploymentPostprocessing = 0;
		};
/* End PBXFrameworksBuildPhase section */

/* Begin PBXGroup section */
		CE64CA872BFBAE0700816A3C /* Core */ = {
			isa = PBXGroup;
			children = (
				CE64CA8D2BFBAFE500816A3C /* Components */,
				CE64CA882BFBAE1800816A3C /* Home */,
			);
			path = Core;
			sourceTree = "<group>";
		};
		CE64CA882BFBAE1800816A3C /* Home */ = {
			isa = PBXGroup;
			children = (
				CE64CA8A2BFBAE2A00816A3C /* ViewModels */,
				CE64CA892BFBAE2300816A3C /* Views */,
			);
			path = Home;
			sourceTree = "<group>";
		};
		CE64CA892BFBAE2300816A3C /* Views */ = {
			isa = PBXGroup;
			children = (
				CE64CA8B2BFBAE4500816A3C /* HomeView.swift */,
			);
			path = Views;
			sourceTree = "<group>";
		};
		CE64CA8A2BFBAE2A00816A3C /* ViewModels */ = {
			isa = PBXGroup;
			children = (
			);
			path = ViewModels;
			sourceTree = "<group>";
		};
		CE64CA8D2BFBAFE500816A3C /* Components */ = {
			isa = PBXGroup;
			children = (
				CE64CA8E2BFBAFFE00816A3C /* CircleButton */,
			);
			path = Components;
			sourceTree = "<group>";
		};
		CE64CA8E2BFBAFFE00816A3C /* CircleButton */ = {
			isa = PBXGroup;
			children = (
				CE64CA8F2BFBB01600816A3C /* CircleButtonView.swift */,
				CE64CA912BFBB61C00816A3C /* CircleButtonAnimationView.swift */,
			);
			path = CircleButton;
			sourceTree = "<group>";
		};
		CE64CA932BFBCEB300816A3C /* Models */ = {
			isa = PBXGroup;
			children = (
				CE64CA942BFBCEF700816A3C /* CoinModel.swift */,
			);
			path = Models;
			sourceTree = "<group>";
		};
		CED8B0C42BFB609700593FF3 = {
			isa = PBXGroup;
			children = (
				CED8B0CF2BFB609700593FF3 /* CryptoTracker */,
				CED8B0CE2BFB609700593FF3 /* Products */,
			);
			sourceTree = "<group>";
		};
		CED8B0CE2BFB609700593FF3 /* Products */ = {
			isa = PBXGroup;
			children = (
				CED8B0CD2BFB609700593FF3 /* CryptoTracker.app */,
			);
			name = Products;
			sourceTree = "<group>";
		};
		CED8B0CF2BFB609700593FF3 /* CryptoTracker */ = {
			isa = PBXGroup;
			children = (
				CED8B0D02BFB609700593FF3 /* CryptoTrackerApp.swift */,
				CED8B0E02BFB635100593FF3 /* Extensions */,
				CE64CA932BFBCEB300816A3C /* Models */,
				CE64CA872BFBAE0700816A3C /* Core */,
				CED8B0D22BFB609700593FF3 /* ContentView.swift */,
				CED8B0DE2BFB620200593FF3 /* Assets.xcassets */,
				CED8B0D62BFB609800593FF3 /* Preview Content */,
			);
			path = CryptoTracker;
			sourceTree = "<group>";
		};
		CED8B0D62BFB609800593FF3 /* Preview Content */ = {
			isa = PBXGroup;
			children = (
				CED8B0D72BFB609800593FF3 /* Preview Assets.xcassets */,
			);
			path = "Preview Content";
			sourceTree = "<group>";
		};
		CED8B0E02BFB635100593FF3 /* Extensions */ = {
			isa = PBXGroup;
			children = (
				CED8B0E12BFB636600593FF3 /* Color.swift */,
			);
			path = Extensions;
			sourceTree = "<group>";
		};
/* End PBXGroup section */

/* Begin PBXNativeTarget section */
		CED8B0CC2BFB609700593FF3 /* CryptoTracker */ = {
			isa = PBXNativeTarget;
			buildConfigurationList = CED8B0DB2BFB609800593FF3 /* Build configuration list for PBXNativeTarget "CryptoTracker" */;
			buildPhases = (
				CED8B0C92BFB609700593FF3 /* Sources */,
				CED8B0CA2BFB609700593FF3 /* Frameworks */,
				CED8B0CB2BFB609700593FF3 /* Resources */,
			);
			buildRules = (
			);
			dependencies = (
			);
			name = CryptoTracker;
			productName = CryptoTracker;
			productReference = CED8B0CD2BFB609700593FF3 /* CryptoTracker.app */;
			productType = "com.apple.product-type.application";
		};
/* End PBXNativeTarget section */

/* Begin PBXProject section */
		CED8B0C52BFB609700593FF3 /* Project object */ = {
			isa = PBXProject;
			attributes = {
				BuildIndependentTargetsInParallel = 1;
				LastSwiftUpdateCheck = 1530;
				LastUpgradeCheck = 1530;
				TargetAttributes = {
					CED8B0CC2BFB609700593FF3 = {
						CreatedOnToolsVersion = 15.3;
					};
				};
			};
			buildConfigurationList = CED8B0C82BFB609700593FF3 /* Build configuration list for PBXProject "CryptoTracker" */;
			compatibilityVersion = "Xcode 14.0";
			developmentRegion = en;
			hasScannedForEncodings = 0;
			knownRegions = (
				en,
				Base,
			);
			mainGroup = CED8B0C42BFB609700593FF3;
			productRefGroup = CED8B0CE2BFB609700593FF3 /* Products */;
			projectDirPath = "";
			projectRoot = "";
			targets = (
				CED8B0CC2BFB609700593FF3 /* CryptoTracker */,
			);
		};
/* End PBXProject section */

/* Begin PBXResourcesBuildPhase section */
		CED8B0CB2BFB609700593FF3 /* Resources */ = {
			isa = PBXResourcesBuildPhase;
			buildActionMask = 2147483647;
			files = (
				CED8B0D82BFB609800593FF3 /* Preview Assets.xcassets in Resources */,
				CED8B0DF2BFB620200593FF3 /* Assets.xcassets in Resources */,
			);
			runOnlyForDeploymentPostprocessing = 0;
		};
/* End PBXResourcesBuildPhase section */

/* Begin PBXSourcesBuildPhase section */
		CED8B0C92BFB609700593FF3 /* Sources */ = {
			isa = PBXSourcesBuildPhase;
			buildActionMask = 2147483647;
			files = (
				CED8B0D32BFB609700593FF3 /* ContentView.swift in Sources */,
				CE64CA8C2BFBAE4500816A3C /* HomeView.swift in Sources */,
				CED8B0D12BFB609700593FF3 /* CryptoTrackerApp.swift in Sources */,
				CE64CA902BFBB01600816A3C /* CircleButtonView.swift in Sources */,
				CED8B0E22BFB636600593FF3 /* Color.swift in Sources */,
				CE64CA922BFBB61C00816A3C /* CircleButtonAnimationView.swift in Sources */,
				CE64CA952BFBCEF700816A3C /* CoinModel.swift in Sources */,
			);
			runOnlyForDeploymentPostprocessing = 0;
		};
/* End PBXSourcesBuildPhase section */

/* Begin XCBuildConfiguration section */
		CED8B0D92BFB609800593FF3 /* Debug */ = {
			isa = XCBuildConfiguration;
			buildSettings = {
				ALWAYS_SEARCH_USER_PATHS = NO;
				ASSETCATALOG_COMPILER_GENERATE_SWIFT_ASSET_SYMBOL_EXTENSIONS = YES;
				CLANG_ANALYZER_NONNULL = YES;
				CLANG_ANALYZER_NUMBER_OBJECT_CONVERSION = YES_AGGRESSIVE;
				CLANG_CXX_LANGUAGE_STANDARD = "gnu++20";
				CLANG_ENABLE_MODULES = YES;
				CLANG_ENABLE_OBJC_ARC = YES;
				CLANG_ENABLE_OBJC_WEAK = YES;
				CLANG_WARN_BLOCK_CAPTURE_AUTORELEASING = YES;
				CLANG_WARN_BOOL_CONVERSION = YES;
				CLANG_WARN_COMMA = YES;
				CLANG_WARN_CONSTANT_CONVERSION = YES;
				CLANG_WARN_DEPRECATED_OBJC_IMPLEMENTATIONS = YES;
				CLANG_WARN_DIRECT_OBJC_ISA_USAGE = YES_ERROR;
				CLANG_WARN_DOCUMENTATION_COMMENTS = YES;
				CLANG_WARN_EMPTY_BODY = YES;
				CLANG_WARN_ENUM_CONVERSION = YES;
				CLANG_WARN_INFINITE_RECURSION = YES;
				CLANG_WARN_INT_CONVERSION = YES;
				CLANG_WARN_NON_LITERAL_NULL_CONVERSION = YES;
				CLANG_WARN_OBJC_IMPLICIT_RETAIN_SELF = YES;
				CLANG_WARN_OBJC_LITERAL_CONVERSION = YES;
				CLANG_WARN_OBJC_ROOT_CLASS = YES_ERROR;
				CLANG_WARN_QUOTED_INCLUDE_IN_FRAMEWORK_HEADER = YES;
				CLANG_WARN_RANGE_LOOP_ANALYSIS = YES;
				CLANG_WARN_STRICT_PROTOTYPES = YES;
				CLANG_WARN_SUSPICIOUS_MOVE = YES;
				CLANG_WARN_UNGUARDED_AVAILABILITY = YES_AGGRESSIVE;
				CLANG_WARN_UNREACHABLE_CODE = YES;
				CLANG_WARN__DUPLICATE_METHOD_MATCH = YES;
				COPY_PHASE_STRIP = NO;
				DEBUG_INFORMATION_FORMAT = dwarf;
				ENABLE_STRICT_OBJC_MSGSEND = YES;
				ENABLE_TESTABILITY = YES;
				ENABLE_USER_SCRIPT_SANDBOXING = YES;
				GCC_C_LANGUAGE_STANDARD = gnu17;
				GCC_DYNAMIC_NO_PIC = NO;
				GCC_NO_COMMON_BLOCKS = YES;
				GCC_OPTIMIZATION_LEVEL = 0;
				GCC_PREPROCESSOR_DEFINITIONS = (
					"DEBUG=1",
					"$(inherited)",
				);
				GCC_WARN_64_TO_32_BIT_CONVERSION = YES;
				GCC_WARN_ABOUT_RETURN_TYPE = YES_ERROR;
				GCC_WARN_UNDECLARED_SELECTOR = YES;
				GCC_WARN_UNINITIALIZED_AUTOS = YES_AGGRESSIVE;
				GCC_WARN_UNUSED_FUNCTION = YES;
				GCC_WARN_UNUSED_VARIABLE = YES;
				IPHONEOS_DEPLOYMENT_TARGET = 17.4;
				LOCALIZATION_PREFERS_STRING_CATALOGS = YES;
				MTL_ENABLE_DEBUG_INFO = INCLUDE_SOURCE;
				MTL_FAST_MATH = YES;
				ONLY_ACTIVE_ARCH = YES;
				SDKROOT = iphoneos;
				SWIFT_ACTIVE_COMPILATION_CONDITIONS = "DEBUG $(inherited)";
				SWIFT_OPTIMIZATION_LEVEL = "-Onone";
			};
			name = Debug;
		};
		CED8B0DA2BFB609800593FF3 /* Release */ = {
			isa = XCBuildConfiguration;
			buildSettings = {
				ALWAYS_SEARCH_USER_PATHS = NO;
				ASSETCATALOG_COMPILER_GENERATE_SWIFT_ASSET_SYMBOL_EXTENSIONS = YES;
				CLANG_ANALYZER_NONNULL = YES;
				CLANG_ANALYZER_NUMBER_OBJECT_CONVERSION = YES_AGGRESSIVE;
				CLANG_CXX_LANGUAGE_STANDARD = "gnu++20";
				CLANG_ENABLE_MODULES = YES;
				CLANG_ENABLE_OBJC_ARC = YES;
				CLANG_ENABLE_OBJC_WEAK = YES;
				CLANG_WARN_BLOCK_CAPTURE_AUTORELEASING = YES;
				CLANG_WARN_BOOL_CONVERSION = YES;
				CLANG_WARN_COMMA = YES;
				CLANG_WARN_CONSTANT_CONVERSION = YES;
				CLANG_WARN_DEPRECATED_OBJC_IMPLEMENTATIONS = YES;
				CLANG_WARN_DIRECT_OBJC_ISA_USAGE = YES_ERROR;
				CLANG_WARN_DOCUMENTATION_COMMENTS = YES;
				CLANG_WARN_EMPTY_BODY = YES;
				CLANG_WARN_ENUM_CONVERSION = YES;
				CLANG_WARN_INFINITE_RECURSION = YES;
				CLANG_WARN_INT_CONVERSION = YES;
				CLANG_WARN_NON_LITERAL_NULL_CONVERSION = YES;
				CLANG_WARN_OBJC_IMPLICIT_RETAIN_SELF = YES;
				CLANG_WARN_OBJC_LITERAL_CONVERSION = YES;
				CLANG_WARN_OBJC_ROOT_CLASS = YES_ERROR;
				CLANG_WARN_QUOTED_INCLUDE_IN_FRAMEWORK_HEADER = YES;
				CLANG_WARN_RANGE_LOOP_ANALYSIS = YES;
				CLANG_WARN_STRICT_PROTOTYPES = YES;
				CLANG_WARN_SUSPICIOUS_MOVE = YES;
				CLANG_WARN_UNGUARDED_AVAILABILITY = YES_AGGRESSIVE;
				CLANG_WARN_UNREACHABLE_CODE = YES;
				CLANG_WARN__DUPLICATE_METHOD_MATCH = YES;
				COPY_PHASE_STRIP = NO;
				DEBUG_INFORMATION_FORMAT = "dwarf-with-dsym";
				ENABLE_NS_ASSERTIONS = NO;
				ENABLE_STRICT_OBJC_MSGSEND = YES;
				ENABLE_USER_SCRIPT_SANDBOXING = YES;
				GCC_C_LANGUAGE_STANDARD = gnu17;
				GCC_NO_COMMON_BLOCKS = YES;
				GCC_WARN_64_TO_32_BIT_CONVERSION = YES;
				GCC_WARN_ABOUT_RETURN_TYPE = YES_ERROR;
				GCC_WARN_UNDECLARED_SELECTOR = YES;
				GCC_WARN_UNINITIALIZED_AUTOS = YES_AGGRESSIVE;
				GCC_WARN_UNUSED_FUNCTION = YES;
				GCC_WARN_UNUSED_VARIABLE = YES;
				IPHONEOS_DEPLOYMENT_TARGET = 17.4;
				LOCALIZATION_PREFERS_STRING_CATALOGS = YES;
				MTL_ENABLE_DEBUG_INFO = NO;
				MTL_FAST_MATH = YES;
				SDKROOT = iphoneos;
				SWIFT_COMPILATION_MODE = wholemodule;
				VALIDATE_PRODUCT = YES;
			};
			name = Release;
		};
		CED8B0DC2BFB609800593FF3 /* Debug */ = {
			isa = XCBuildConfiguration;
			buildSettings = {
				ASSETCATALOG_COMPILER_APPICON_NAME = AppIcon;
				ASSETCATALOG_COMPILER_GLOBAL_ACCENT_COLOR_NAME = AccentColor;
				CODE_SIGN_STYLE = Automatic;
				CURRENT_PROJECT_VERSION = 1;
				DEVELOPMENT_ASSET_PATHS = "\"CryptoTracker/Preview Content\"";
				DEVELOPMENT_TEAM = 56S6D7P45J;
				ENABLE_PREVIEWS = YES;
				GENERATE_INFOPLIST_FILE = YES;
				INFOPLIST_KEY_CFBundleDisplayName = "Crypto Tracker";
				INFOPLIST_KEY_UIApplicationSceneManifest_Generation = YES;
				INFOPLIST_KEY_UIApplicationSupportsIndirectInputEvents = YES;
				INFOPLIST_KEY_UILaunchScreen_Generation = YES;
				INFOPLIST_KEY_UISupportedInterfaceOrientations = UIInterfaceOrientationPortrait;
				INFOPLIST_KEY_UISupportedInterfaceOrientations_iPad = "UIInterfaceOrientationLandscapeLeft UIInterfaceOrientationLandscapeRight UIInterfaceOrientationPortrait UIInterfaceOrientationPortraitUpsideDown";
				LD_RUNPATH_SEARCH_PATHS = (
					"$(inherited)",
					"@executable_path/Frameworks",
				);
				MARKETING_VERSION = 1.0;
				PRODUCT_BUNDLE_IDENTIFIER = michael.CryptoTracker;
				PRODUCT_NAME = "$(TARGET_NAME)";
				SWIFT_EMIT_LOC_STRINGS = YES;
				SWIFT_VERSION = 5.0;
				TARGETED_DEVICE_FAMILY = "1,2";
			};
			name = Debug;
		};
		CED8B0DD2BFB609800593FF3 /* Release */ = {
			isa = XCBuildConfiguration;
			buildSettings = {
				ASSETCATALOG_COMPILER_APPICON_NAME = AppIcon;
				ASSETCATALOG_COMPILER_GLOBAL_ACCENT_COLOR_NAME = AccentColor;
				CODE_SIGN_STYLE = Automatic;
				CURRENT_PROJECT_VERSION = 1;
				DEVELOPMENT_ASSET_PATHS = "\"CryptoTracker/Preview Content\"";
				DEVELOPMENT_TEAM = 56S6D7P45J;
				ENABLE_PREVIEWS = YES;
				GENERATE_INFOPLIST_FILE = YES;
				INFOPLIST_KEY_CFBundleDisplayName = "Crypto Tracker";
				INFOPLIST_KEY_UIApplicationSceneManifest_Generation = YES;
				INFOPLIST_KEY_UIApplicationSupportsIndirectInputEvents = YES;
				INFOPLIST_KEY_UILaunchScreen_Generation = YES;
				INFOPLIST_KEY_UISupportedInterfaceOrientations = UIInterfaceOrientationPortrait;
				INFOPLIST_KEY_UISupportedInterfaceOrientations_iPad = "UIInterfaceOrientationLandscapeLeft UIInterfaceOrientationLandscapeRight UIInterfaceOrientationPortrait UIInterfaceOrientationPortraitUpsideDown";
				LD_RUNPATH_SEARCH_PATHS = (
					"$(inherited)",
					"@executable_path/Frameworks",
				);
				MARKETING_VERSION = 1.0;
				PRODUCT_BUNDLE_IDENTIFIER = michael.CryptoTracker;
				PRODUCT_NAME = "$(TARGET_NAME)";
				SWIFT_EMIT_LOC_STRINGS = YES;
				SWIFT_VERSION = 5.0;
				TARGETED_DEVICE_FAMILY = "1,2";
			};
			name = Release;
		};
/* End XCBuildConfiguration section */

/* Begin XCConfigurationList section */
		CED8B0C82BFB609700593FF3 /* Build configuration list for PBXProject "CryptoTracker" */ = {
			isa = XCConfigurationList;
			buildConfigurations = (
				CED8B0D92BFB609800593FF3 /* Debug */,
				CED8B0DA2BFB609800593FF3 /* Release */,
			);
			defaultConfigurationIsVisible = 0;
			defaultConfigurationName = Release;
		};
		CED8B0DB2BFB609800593FF3 /* Build configuration list for PBXNativeTarget "CryptoTracker" */ = {
			isa = XCConfigurationList;
			buildConfigurations = (
				CED8B0DC2BFB609800593FF3 /* Debug */,
				CED8B0DD2BFB609800593FF3 /* Release */,
			);
			defaultConfigurationIsVisible = 0;
			defaultConfigurationName = Release;
		};
/* End XCConfigurationList section */
	};
	rootObject = CED8B0C52BFB609700593FF3 /* Project object */;
}
